
Microsoft Visual Studio Solution File, Format Version 12.00
# Visual Studio Version 17
VisualStudioVersion = 17.8.34322.80
MinimumVisualStudioVersion = 10.0.40219.1
Project("{9A19103F-16F7-4668-BE54-9A1E7A4F7556}") = "desafio-senai", "desafio-senai.csproj", "{46ABBC50-EFCC-4FBA-B302-3E104C906F26}"
EndProject
Global
	GlobalSection(SolutionConfigurationPlatforms) = preSolution
		Debug|Any CPU = Debug|Any CPU
		Release|Any CPU = Release|Any CPU
	EndGlobalSection
	GlobalSection(ProjectConfigurationPlatforms) = postSolution
		{46ABBC50-EFCC-4FBA-B302-3E104C906F26}.Debug|Any CPU.ActiveCfg = Debug|Any CPU
		{46ABBC50-EFCC-4FBA-B302-3E104C906F26}.Debug|Any CPU.Build.0 = Debug|Any CPU
		{46ABBC50-EFCC-4FBA-B302-3E104C906F26}.Release|Any CPU.ActiveCfg = Release|Any CPU
		{46ABBC50-EFCC-4FBA-B302-3E104C906F26}.Release|Any CPU.Build.0 = Release|Any CPU
	EndGlobalSection
	GlobalSection(SolutionProperties) = preSolution
		HideSolutionNode = FALSE
	EndGlobalSection
	GlobalSection(ExtensibilityGlobals) = postSolution
		SolutionGuid = {50C2742C-B15F-4DD1-B5F4-7F7DA2DE6A77}
	EndGlobalSection
EndGlobal
